PODS:
  - HyphenateLite_CN (3.2.0)
  - SVProgressHUD (2.1.2)

DEPENDENCIES:
  - HyphenateLite_CN
  - SVProgressHUD

SPEC CHECKSUMS:
  HyphenateLite_CN: b1b023ca05b254f495924711158b3112abf37c04
  SVProgressHUD: c404a55d78acbeb7ebb78b76d3faf986475a6994

PODFILE CHECKSUM: d5eeb505af5c118f36f57b22337220bacd22c7af

COCOAPODS: 1.1.1
