PODS:
  - HyphenateLite_CN (3.2.0)
  - MJExtension (3.0.13)
  - MJRefresh (3.1.12)
  - SVProgressHUD (2.1.2)
  - YYKit (1.0.9):
    - YYKit/no-arc (= 1.0.9)
  - YYKit/no-arc (1.0.9)

DEPENDENCIES:
  - HyphenateLite_CN
  - MJExtension
  - MJRefresh
  - SVProgressHUD
  - YYKit

SPEC CHECKSUMS:
  HyphenateLite_CN: b1b023ca05b254f495924711158b3112abf37c04
  MJExtension: 5932755f451458eefa24239358817f8d291240c7
  MJRefresh: b96cdb21c4aa75a7b07654311ab2f315c497e806
  SVProgressHUD: c404a55d78acbeb7ebb78b76d3faf986475a6994
  YYKit: 7cda43304a8dc3696c449041e2cb3107b4e236e7

PODFILE CHECKSUM: 68bf096e272317d39bcb6ffd655adc61fbb52ed3

COCOAPODS: 1.1.1
