// !$*UTF8*$!
{
	archiveVersion = 1;
	classes = {
	};
	objectVersion = 46;
	objects = {

/* Begin PBXBuildFile section */
		0D3417701E4858DD00CC7EA4 /* WJIMMainManager+Login.m in Sources */ = {isa = PBXBuildFile; fileRef = 0D3417691E4858DD00CC7EA4 /* WJIMMainManager+Login.m */; };
		0D3417711E4858DD00CC7EA4 /* WJIMMainManager+Send.m in Sources */ = {isa = PBXBuildFile; fileRef = 0D34176B1E4858DD00CC7EA4 /* WJIMMainManager+Send.m */; };
		0D3417731E4858DD00CC7EA4 /* WJIMMainManager.m in Sources */ = {isa = PBXBuildFile; fileRef = 0D34176F1E4858DD00CC7EA4 /* WJIMMainManager.m */; };
		0D3417771E48593100CC7EA4 /* MainController.m in Sources */ = {isa = PBXBuildFile; fileRef = 0D3417761E48593100CC7EA4 /* MainController.m */; };
		0D34177A1E48597C00CC7EA4 /* ConversationController.m in Sources */ = {isa = PBXBuildFile; fileRef = 0D3417791E48597C00CC7EA4 /* ConversationController.m */; };
		0D34177D1E4859A000CC7EA4 /* FriendListController.m in Sources */ = {isa = PBXBuildFile; fileRef = 0D34177C1E4859A000CC7EA4 /* FriendListController.m */; };
		0D3417811E485EBF00CC7EA4 /* WJIMChatController.m in Sources */ = {isa = PBXBuildFile; fileRef = 0D3417801E485EBF00CC7EA4 /* WJIMChatController.m */; };
		0D3417841E48601F00CC7EA4 /* UIAlertController+Blocks.m in Sources */ = {isa = PBXBuildFile; fileRef = 0D3417831E48601F00CC7EA4 /* UIAlertController+Blocks.m */; };
		0D3417871E4868D200CC7EA4 /* AppDelegate+WJIM.m in Sources */ = {isa = PBXBuildFile; fileRef = 0D3417861E4868D200CC7EA4 /* AppDelegate+WJIM.m */; };
		0D34178A1E4877DC00CC7EA4 /* WJIMChatStore.m in Sources */ = {isa = PBXBuildFile; fileRef = 0D3417891E4877DC00CC7EA4 /* WJIMChatStore.m */; };
		0D6CFAB41E20957100B3259A /* main.m in Sources */ = {isa = PBXBuildFile; fileRef = 0D6CFAB31E20957100B3259A /* main.m */; };
		0D6CFAB71E20957100B3259A /* AppDelegate.m in Sources */ = {isa = PBXBuildFile; fileRef = 0D6CFAB61E20957100B3259A /* AppDelegate.m */; };
		0D6CFABA1E20957100B3259A /* ViewController.m in Sources */ = {isa = PBXBuildFile; fileRef = 0D6CFAB91E20957100B3259A /* ViewController.m */; };
		0D6CFABD1E20957100B3259A /* Main.storyboard in Resources */ = {isa = PBXBuildFile; fileRef = 0D6CFABB1E20957100B3259A /* Main.storyboard */; };
		0D6CFABF1E20957100B3259A /* Assets.xcassets in Resources */ = {isa = PBXBuildFile; fileRef = 0D6CFABE1E20957100B3259A /* Assets.xcassets */; };
		0D6CFAC21E20957100B3259A /* LaunchScreen.storyboard in Resources */ = {isa = PBXBuildFile; fileRef = 0D6CFAC01E20957100B3259A /* LaunchScreen.storyboard */; };
		0D6CFACD1E20957100B3259A /* IMTestDemoTests.m in Sources */ = {isa = PBXBuildFile; fileRef = 0D6CFACC1E20957100B3259A /* IMTestDemoTests.m */; };
		0D6CFAD81E20957100B3259A /* IMTestDemoUITests.m in Sources */ = {isa = PBXBuildFile; fileRef = 0D6CFAD71E20957100B3259A /* IMTestDemoUITests.m */; };
		0D6CFAEB1E20CA6F00B3259A /* EaseConvertToCommonEmoticonsHelper.m in Sources */ = {isa = PBXBuildFile; fileRef = 0D6CFAEA1E20CA6F00B3259A /* EaseConvertToCommonEmoticonsHelper.m */; };
		0D6CFAF51E20CA7C00B3259A /* EaseEmoji.m in Sources */ = {isa = PBXBuildFile; fileRef = 0D6CFAEE1E20CA7C00B3259A /* EaseEmoji.m */; };
		0D6CFAF61E20CA7C00B3259A /* EaseEmojiEmoticons.m in Sources */ = {isa = PBXBuildFile; fileRef = 0D6CFAF01E20CA7C00B3259A /* EaseEmojiEmoticons.m */; };
		0D6CFAF71E20CA7C00B3259A /* EaseEmotionEscape.m in Sources */ = {isa = PBXBuildFile; fileRef = 0D6CFAF21E20CA7C00B3259A /* EaseEmotionEscape.m */; };
		0D6CFAF81E20CA7C00B3259A /* EaseEmotionManager.m in Sources */ = {isa = PBXBuildFile; fileRef = 0D6CFAF41E20CA7C00B3259A /* EaseEmotionManager.m */; };
		0DA9CB491E4AC1CA00CD8FD0 /* HexColors.m in Sources */ = {isa = PBXBuildFile; fileRef = 0DA9CB481E4AC1CA00CD8FD0 /* HexColors.m */; };
		0DA9CB4E1E4AC5D400CD8FD0 /* WJIMChatBorderInfo.m in Sources */ = {isa = PBXBuildFile; fileRef = 0DA9CB4D1E4AC5D400CD8FD0 /* WJIMChatBorderInfo.m */; };
		0DA9CB511E4AC66F00CD8FD0 /* WJIMChatBorderManager.m in Sources */ = {isa = PBXBuildFile; fileRef = 0DA9CB501E4AC66F00CD8FD0 /* WJIMChatBorderManager.m */; };
		0DA9CB5E1E4AC95D00CD8FD0 /* expression_custom.plist in Resources */ = {isa = PBXBuildFile; fileRef = 0DA9CB531E4AC95D00CD8FD0 /* expression_custom.plist */; };
		0DA9CB5F1E4AC95D00CD8FD0 /* expressionImage_custom.plist in Resources */ = {isa = PBXBuildFile; fileRef = 0DA9CB541E4AC95D00CD8FD0 /* expressionImage_custom.plist */; };
		0DA9CB601E4AC95D00CD8FD0 /* Face_Expression.bundle in Resources */ = {isa = PBXBuildFile; fileRef = 0DA9CB551E4AC95D00CD8FD0 /* Face_Expression.bundle */; };
		0DA9CB611E4AC95D00CD8FD0 /* MLEmoji_Expression.bundle in Resources */ = {isa = PBXBuildFile; fileRef = 0DA9CB561E4AC95D00CD8FD0 /* MLEmoji_Expression.bundle */; };
		0DA9CB621E4AC95D00CD8FD0 /* MLEmoji_Expression.plist in Resources */ = {isa = PBXBuildFile; fileRef = 0DA9CB571E4AC95D00CD8FD0 /* MLEmoji_Expression.plist */; };
		0DA9CB631E4AC95D00CD8FD0 /* MLEmoji_ExpressionImage.plist in Resources */ = {isa = PBXBuildFile; fileRef = 0DA9CB581E4AC95D00CD8FD0 /* MLEmoji_ExpressionImage.plist */; };
		0DA9CB641E4AC95D00CD8FD0 /* MLEmojiLabel.m in Sources */ = {isa = PBXBuildFile; fileRef = 0DA9CB5A1E4AC95D00CD8FD0 /* MLEmojiLabel.m */; };
		0DA9CB651E4AC95D00CD8FD0 /* TTTAttributedLabel.m in Sources */ = {isa = PBXBuildFile; fileRef = 0DA9CB5D1E4AC95D00CD8FD0 /* TTTAttributedLabel.m */; };
		0DA9CB671E4AC96A00CD8FD0 /* face.plist in Resources */ = {isa = PBXBuildFile; fileRef = 0DA9CB661E4AC96A00CD8FD0 /* face.plist */; };
		0DA9CB6A1E4ACBF700CD8FD0 /* WJIMChatTextMsgCell.m in Sources */ = {isa = PBXBuildFile; fileRef = 0DA9CB691E4ACBF700CD8FD0 /* WJIMChatTextMsgCell.m */; };
		0DA9CB6D1E4AF45C00CD8FD0 /* WJIMChatTimeCell.m in Sources */ = {isa = PBXBuildFile; fileRef = 0DA9CB6C1E4AF45C00CD8FD0 /* WJIMChatTimeCell.m */; };
		0DA9CB831E4AF50900CD8FD0 /* WJIMChatCellUtil.m in Sources */ = {isa = PBXBuildFile; fileRef = 0DA9CB821E4AF50900CD8FD0 /* WJIMChatCellUtil.m */; };
		0DA9CB861E4AFCCA00CD8FD0 /* WJIMChatPicMsgCell.m in Sources */ = {isa = PBXBuildFile; fileRef = 0DA9CB851E4AFCCA00CD8FD0 /* WJIMChatPicMsgCell.m */; };
		0DA9CB891E4AFD0900CD8FD0 /* WJIMChatVideoMsgCell.m in Sources */ = {isa = PBXBuildFile; fileRef = 0DA9CB881E4AFD0900CD8FD0 /* WJIMChatVideoMsgCell.m */; };
		0DA9CB8C1E4AFD3000CD8FD0 /* WJIMChatAudioMsgCell.m in Sources */ = {isa = PBXBuildFile; fileRef = 0DA9CB8B1E4AFD3000CD8FD0 /* WJIMChatAudioMsgCell.m */; };
		0DA9CB8F1E4AFD5700CD8FD0 /* WJIMChatLocationMsgCell.m in Sources */ = {isa = PBXBuildFile; fileRef = 0DA9CB8E1E4AFD5700CD8FD0 /* WJIMChatLocationMsgCell.m */; };
		0DECE30D1E499B340078CB20 /* WJIMMessageModel.m in Sources */ = {isa = PBXBuildFile; fileRef = 0DECE30C1E499B340078CB20 /* WJIMMessageModel.m */; };
		0DECE3151E49AE4C0078CB20 /* EaseUIResource.bundle in Resources */ = {isa = PBXBuildFile; fileRef = 0DECE3141E49AE4C0078CB20 /* EaseUIResource.bundle */; };
		0DECE31A1E49AE5B0078CB20 /* NSDate+Category.m in Sources */ = {isa = PBXBuildFile; fileRef = 0DECE3171E49AE5B0078CB20 /* NSDate+Category.m */; };
		0DECE31B1E49AE5B0078CB20 /* NSDateFormatter+Category.m in Sources */ = {isa = PBXBuildFile; fileRef = 0DECE3191E49AE5B0078CB20 /* NSDateFormatter+Category.m */; };
		0DECE31E1E49B62B0078CB20 /* WJIMChatStore+send.m in Sources */ = {isa = PBXBuildFile; fileRef = 0DECE31D1E49B62B0078CB20 /* WJIMChatStore+send.m */; };
		0DECE3221E49CB5E0078CB20 /* UIView+IM.m in Sources */ = {isa = PBXBuildFile; fileRef = 0DECE3211E49CB5E0078CB20 /* UIView+IM.m */; };
		0DECE3251E49CB8C0078CB20 /* WJIMChatBaseCell.m in Sources */ = {isa = PBXBuildFile; fileRef = 0DECE3241E49CB8C0078CB20 /* WJIMChatBaseCell.m */; };
		2E29457B336A3BD875F1F28B /* libPods-IMTestDemo.a in Frameworks */ = {isa = PBXBuildFile; fileRef = 6F4FD1032C30F6AA965922AD /* libPods-IMTestDemo.a */; };
/* End PBXBuildFile section */

/* Begin PBXContainerItemProxy section */
		0D6CFAC91E20957100B3259A /* PBXContainerItemProxy */ = {
			isa = PBXContainerItemProxy;
			containerPortal = 0D6CFAA71E20957100B3259A /* Project object */;
			proxyType = 1;
			remoteGlobalIDString = 0D6CFAAE1E20957100B3259A;
			remoteInfo = IMTestDemo;
		};
		0D6CFAD41E20957100B3259A /* PBXContainerItemProxy */ = {
			isa = PBXContainerItemProxy;
			containerPortal = 0D6CFAA71E20957100B3259A /* Project object */;
			proxyType = 1;
			remoteGlobalIDString = 0D6CFAAE1E20957100B3259A;
			remoteInfo = IMTestDemo;
		};
/* End PBXContainerItemProxy section */

/* Begin PBXFileReference section */
		0D3417681E4858DD00CC7EA4 /* WJIMMainManager+Login.h */ = {isa = PBXFileReference; fileEncoding = 4; lastKnownFileType = sourcecode.c.h; path = "WJIMMainManager+Login.h"; sourceTree = "<group>"; };
		0D3417691E4858DD00CC7EA4 /* WJIMMainManager+Login.m */ = {isa = PBXFileReference; fileEncoding = 4; lastKnownFileType = sourcecode.c.objc; path = "WJIMMainManager+Login.m"; sourceTree = "<group>"; };
		0D34176A1E4858DD00CC7EA4 /* WJIMMainManager+Send.h */ = {isa = PBXFileReference; fileEncoding = 4; lastKnownFileType = sourcecode.c.h; path = "WJIMMainManager+Send.h"; sourceTree = "<group>"; };
		0D34176B1E4858DD00CC7EA4 /* WJIMMainManager+Send.m */ = {isa = PBXFileReference; fileEncoding = 4; lastKnownFileType = sourcecode.c.objc; path = "WJIMMainManager+Send.m"; sourceTree = "<group>"; };
		0D34176E1E4858DD00CC7EA4 /* WJIMMainManager.h */ = {isa = PBXFileReference; fileEncoding = 4; lastKnownFileType = sourcecode.c.h; path = WJIMMainManager.h; sourceTree = "<group>"; };
		0D34176F1E4858DD00CC7EA4 /* WJIMMainManager.m */ = {isa = PBXFileReference; fileEncoding = 4; lastKnownFileType = sourcecode.c.objc; path = WJIMMainManager.m; sourceTree = "<group>"; };
		0D3417751E48593100CC7EA4 /* MainController.h */ = {isa = PBXFileReference; fileEncoding = 4; lastKnownFileType = sourcecode.c.h; path = MainController.h; sourceTree = "<group>"; };
		0D3417761E48593100CC7EA4 /* MainController.m */ = {isa = PBXFileReference; fileEncoding = 4; lastKnownFileType = sourcecode.c.objc; path = MainController.m; sourceTree = "<group>"; };
		0D3417781E48597C00CC7EA4 /* ConversationController.h */ = {isa = PBXFileReference; fileEncoding = 4; lastKnownFileType = sourcecode.c.h; path = ConversationController.h; sourceTree = "<group>"; };
		0D3417791E48597C00CC7EA4 /* ConversationController.m */ = {isa = PBXFileReference; fileEncoding = 4; lastKnownFileType = sourcecode.c.objc; path = ConversationController.m; sourceTree = "<group>"; };
		0D34177B1E4859A000CC7EA4 /* FriendListController.h */ = {isa = PBXFileReference; fileEncoding = 4; lastKnownFileType = sourcecode.c.h; path = FriendListController.h; sourceTree = "<group>"; };
		0D34177C1E4859A000CC7EA4 /* FriendListController.m */ = {isa = PBXFileReference; fileEncoding = 4; lastKnownFileType = sourcecode.c.objc; path = FriendListController.m; sourceTree = "<group>"; };
		0D34177F1E485EBF00CC7EA4 /* WJIMChatController.h */ = {isa = PBXFileReference; fileEncoding = 4; lastKnownFileType = sourcecode.c.h; path = WJIMChatController.h; sourceTree = "<group>"; };
		0D3417801E485EBF00CC7EA4 /* WJIMChatController.m */ = {isa = PBXFileReference; fileEncoding = 4; lastKnownFileType = sourcecode.c.objc; path = WJIMChatController.m; sourceTree = "<group>"; };
		0D3417821E48601F00CC7EA4 /* UIAlertController+Blocks.h */ = {isa = PBXFileReference; fileEncoding = 4; lastKnownFileType = sourcecode.c.h; path = "UIAlertController+Blocks.h"; sourceTree = "<group>"; };
		0D3417831E48601F00CC7EA4 /* UIAlertController+Blocks.m */ = {isa = PBXFileReference; fileEncoding = 4; lastKnownFileType = sourcecode.c.objc; path = "UIAlertController+Blocks.m"; sourceTree = "<group>"; };
		0D3417851E4868D200CC7EA4 /* AppDelegate+WJIM.h */ = {isa = PBXFileReference; fileEncoding = 4; lastKnownFileType = sourcecode.c.h; path = "AppDelegate+WJIM.h"; sourceTree = "<group>"; };
		0D3417861E4868D200CC7EA4 /* AppDelegate+WJIM.m */ = {isa = PBXFileReference; fileEncoding = 4; lastKnownFileType = sourcecode.c.objc; path = "AppDelegate+WJIM.m"; sourceTree = "<group>"; };
		0D3417881E4877DC00CC7EA4 /* WJIMChatStore.h */ = {isa = PBXFileReference; fileEncoding = 4; lastKnownFileType = sourcecode.c.h; path = WJIMChatStore.h; sourceTree = "<group>"; };
		0D3417891E4877DC00CC7EA4 /* WJIMChatStore.m */ = {isa = PBXFileReference; fileEncoding = 4; lastKnownFileType = sourcecode.c.objc; path = WJIMChatStore.m; sourceTree = "<group>"; };
		0D6CFAAF1E20957100B3259A /* IMTestDemo.app */ = {isa = PBXFileReference; explicitFileType = wrapper.application; includeInIndex = 0; path = IMTestDemo.app; sourceTree = BUILT_PRODUCTS_DIR; };
		0D6CFAB31E20957100B3259A /* main.m */ = {isa = PBXFileReference; lastKnownFileType = sourcecode.c.objc; path = main.m; sourceTree = "<group>"; };
		0D6CFAB51E20957100B3259A /* AppDelegate.h */ = {isa = PBXFileReference; lastKnownFileType = sourcecode.c.h; path = AppDelegate.h; sourceTree = "<group>"; };
		0D6CFAB61E20957100B3259A /* AppDelegate.m */ = {isa = PBXFileReference; lastKnownFileType = sourcecode.c.objc; path = AppDelegate.m; sourceTree = "<group>"; };
		0D6CFAB81E20957100B3259A /* ViewController.h */ = {isa = PBXFileReference; lastKnownFileType = sourcecode.c.h; path = ViewController.h; sourceTree = "<group>"; };
		0D6CFAB91E20957100B3259A /* ViewController.m */ = {isa = PBXFileReference; lastKnownFileType = sourcecode.c.objc; path = ViewController.m; sourceTree = "<group>"; };
		0D6CFABC1E20957100B3259A /* Base */ = {isa = PBXFileReference; lastKnownFileType = file.storyboard; name = Base; path = Base.lproj/Main.storyboard; sourceTree = "<group>"; };
		0D6CFABE1E20957100B3259A /* Assets.xcassets */ = {isa = PBXFileReference; lastKnownFileType = folder.assetcatalog; path = Assets.xcassets; sourceTree = "<group>"; };
		0D6CFAC11E20957100B3259A /* Base */ = {isa = PBXFileReference; lastKnownFileType = file.storyboard; name = Base; path = Base.lproj/LaunchScreen.storyboard; sourceTree = "<group>"; };
		0D6CFAC31E20957100B3259A /* Info.plist */ = {isa = PBXFileReference; lastKnownFileType = text.plist.xml; path = Info.plist; sourceTree = "<group>"; };
		0D6CFAC81E20957100B3259A /* IMTestDemoTests.xctest */ = {isa = PBXFileReference; explicitFileType = wrapper.cfbundle; includeInIndex = 0; path = IMTestDemoTests.xctest; sourceTree = BUILT_PRODUCTS_DIR; };
		0D6CFACC1E20957100B3259A /* IMTestDemoTests.m */ = {isa = PBXFileReference; lastKnownFileType = sourcecode.c.objc; path = IMTestDemoTests.m; sourceTree = "<group>"; };
		0D6CFACE1E20957100B3259A /* Info.plist */ = {isa = PBXFileReference; lastKnownFileType = text.plist.xml; path = Info.plist; sourceTree = "<group>"; };
		0D6CFAD31E20957100B3259A /* IMTestDemoUITests.xctest */ = {isa = PBXFileReference; explicitFileType = wrapper.cfbundle; includeInIndex = 0; path = IMTestDemoUITests.xctest; sourceTree = BUILT_PRODUCTS_DIR; };
		0D6CFAD71E20957100B3259A /* IMTestDemoUITests.m */ = {isa = PBXFileReference; lastKnownFileType = sourcecode.c.objc; path = IMTestDemoUITests.m; sourceTree = "<group>"; };
		0D6CFAD91E20957100B3259A /* Info.plist */ = {isa = PBXFileReference; lastKnownFileType = text.plist.xml; path = Info.plist; sourceTree = "<group>"; };
		0D6CFAE91E20CA6F00B3259A /* EaseConvertToCommonEmoticonsHelper.h */ = {isa = PBXFileReference; fileEncoding = 4; lastKnownFileType = sourcecode.c.h; path = EaseConvertToCommonEmoticonsHelper.h; sourceTree = "<group>"; };
		0D6CFAEA1E20CA6F00B3259A /* EaseConvertToCommonEmoticonsHelper.m */ = {isa = PBXFileReference; fileEncoding = 4; lastKnownFileType = sourcecode.c.objc; path = EaseConvertToCommonEmoticonsHelper.m; sourceTree = "<group>"; };
		0D6CFAED1E20CA7C00B3259A /* EaseEmoji.h */ = {isa = PBXFileReference; fileEncoding = 4; lastKnownFileType = sourcecode.c.h; path = EaseEmoji.h; sourceTree = "<group>"; };
		0D6CFAEE1E20CA7C00B3259A /* EaseEmoji.m */ = {isa = PBXFileReference; fileEncoding = 4; lastKnownFileType = sourcecode.c.objc; path = EaseEmoji.m; sourceTree = "<group>"; };
		0D6CFAEF1E20CA7C00B3259A /* EaseEmojiEmoticons.h */ = {isa = PBXFileReference; fileEncoding = 4; lastKnownFileType = sourcecode.c.h; path = EaseEmojiEmoticons.h; sourceTree = "<group>"; };
		0D6CFAF01E20CA7C00B3259A /* EaseEmojiEmoticons.m */ = {isa = PBXFileReference; fileEncoding = 4; lastKnownFileType = sourcecode.c.objc; path = EaseEmojiEmoticons.m; sourceTree = "<group>"; };
		0D6CFAF11E20CA7C00B3259A /* EaseEmotionEscape.h */ = {isa = PBXFileReference; fileEncoding = 4; lastKnownFileType = sourcecode.c.h; path = EaseEmotionEscape.h; sourceTree = "<group>"; };
		0D6CFAF21E20CA7C00B3259A /* EaseEmotionEscape.m */ = {isa = PBXFileReference; fileEncoding = 4; lastKnownFileType = sourcecode.c.objc; path = EaseEmotionEscape.m; sourceTree = "<group>"; };
		0D6CFAF31E20CA7C00B3259A /* EaseEmotionManager.h */ = {isa = PBXFileReference; fileEncoding = 4; lastKnownFileType = sourcecode.c.h; path = EaseEmotionManager.h; sourceTree = "<group>"; };
		0D6CFAF41E20CA7C00B3259A /* EaseEmotionManager.m */ = {isa = PBXFileReference; fileEncoding = 4; lastKnownFileType = sourcecode.c.objc; path = EaseEmotionManager.m; sourceTree = "<group>"; };
		0DA9CB471E4AC1CA00CD8FD0 /* HexColors.h */ = {isa = PBXFileReference; fileEncoding = 4; lastKnownFileType = sourcecode.c.h; path = HexColors.h; sourceTree = "<group>"; };
		0DA9CB481E4AC1CA00CD8FD0 /* HexColors.m */ = {isa = PBXFileReference; fileEncoding = 4; lastKnownFileType = sourcecode.c.objc; path = HexColors.m; sourceTree = "<group>"; };
		0DA9CB4C1E4AC5D400CD8FD0 /* WJIMChatBorderInfo.h */ = {isa = PBXFileReference; fileEncoding = 4; lastKnownFileType = sourcecode.c.h; path = WJIMChatBorderInfo.h; sourceTree = "<group>"; };
		0DA9CB4D1E4AC5D400CD8FD0 /* WJIMChatBorderInfo.m */ = {isa = PBXFileReference; fileEncoding = 4; lastKnownFileType = sourcecode.c.objc; path = WJIMChatBorderInfo.m; sourceTree = "<group>"; };
		0DA9CB4F1E4AC66F00CD8FD0 /* WJIMChatBorderManager.h */ = {isa = PBXFileReference; fileEncoding = 4; lastKnownFileType = sourcecode.c.h; path = WJIMChatBorderManager.h; sourceTree = "<group>"; };
		0DA9CB501E4AC66F00CD8FD0 /* WJIMChatBorderManager.m */ = {isa = PBXFileReference; fileEncoding = 4; lastKnownFileType = sourcecode.c.objc; path = WJIMChatBorderManager.m; sourceTree = "<group>"; };
		0DA9CB531E4AC95D00CD8FD0 /* expression_custom.plist */ = {isa = PBXFileReference; fileEncoding = 4; lastKnownFileType = text.plist.xml; path = expression_custom.plist; sourceTree = "<group>"; };
		0DA9CB541E4AC95D00CD8FD0 /* expressionImage_custom.plist */ = {isa = PBXFileReference; fileEncoding = 4; lastKnownFileType = text.plist.xml; path = expressionImage_custom.plist; sourceTree = "<group>"; };
		0DA9CB551E4AC95D00CD8FD0 /* Face_Expression.bundle */ = {isa = PBXFileReference; lastKnownFileType = "wrapper.plug-in"; path = Face_Expression.bundle; sourceTree = "<group>"; };
		0DA9CB561E4AC95D00CD8FD0 /* MLEmoji_Expression.bundle */ = {isa = PBXFileReference; lastKnownFileType = "wrapper.plug-in"; path = MLEmoji_Expression.bundle; sourceTree = "<group>"; };
		0DA9CB571E4AC95D00CD8FD0 /* MLEmoji_Expression.plist */ = {isa = PBXFileReference; fileEncoding = 4; lastKnownFileType = text.plist.xml; path = MLEmoji_Expression.plist; sourceTree = "<group>"; };
		0DA9CB581E4AC95D00CD8FD0 /* MLEmoji_ExpressionImage.plist */ = {isa = PBXFileReference; fileEncoding = 4; lastKnownFileType = text.plist.xml; path = MLEmoji_ExpressionImage.plist; sourceTree = "<group>"; };
		0DA9CB591E4AC95D00CD8FD0 /* MLEmojiLabel.h */ = {isa = PBXFileReference; fileEncoding = 4; lastKnownFileType = sourcecode.c.h; path = MLEmojiLabel.h; sourceTree = "<group>"; };
		0DA9CB5A1E4AC95D00CD8FD0 /* MLEmojiLabel.m */ = {isa = PBXFileReference; fileEncoding = 4; lastKnownFileType = sourcecode.c.objc; path = MLEmojiLabel.m; sourceTree = "<group>"; };
		0DA9CB5C1E4AC95D00CD8FD0 /* TTTAttributedLabel.h */ = {isa = PBXFileReference; fileEncoding = 4; lastKnownFileType = sourcecode.c.h; path = TTTAttributedLabel.h; sourceTree = "<group>"; };
		0DA9CB5D1E4AC95D00CD8FD0 /* TTTAttributedLabel.m */ = {isa = PBXFileReference; fileEncoding = 4; lastKnownFileType = sourcecode.c.objc; path = TTTAttributedLabel.m; sourceTree = "<group>"; };
		0DA9CB661E4AC96A00CD8FD0 /* face.plist */ = {isa = PBXFileReference; fileEncoding = 4; lastKnownFileType = text.plist.xml; path = face.plist; sourceTree = "<group>"; };
		0DA9CB681E4ACBF700CD8FD0 /* WJIMChatTextMsgCell.h */ = {isa = PBXFileReference; fileEncoding = 4; lastKnownFileType = sourcecode.c.h; path = WJIMChatTextMsgCell.h; sourceTree = "<group>"; };
		0DA9CB691E4ACBF700CD8FD0 /* WJIMChatTextMsgCell.m */ = {isa = PBXFileReference; fileEncoding = 4; lastKnownFileType = sourcecode.c.objc; path = WJIMChatTextMsgCell.m; sourceTree = "<group>"; };
		0DA9CB6B1E4AF45C00CD8FD0 /* WJIMChatTimeCell.h */ = {isa = PBXFileReference; fileEncoding = 4; lastKnownFileType = sourcecode.c.h; path = WJIMChatTimeCell.h; sourceTree = "<group>"; };
		0DA9CB6C1E4AF45C00CD8FD0 /* WJIMChatTimeCell.m */ = {isa = PBXFileReference; fileEncoding = 4; lastKnownFileType = sourcecode.c.objc; path = WJIMChatTimeCell.m; sourceTree = "<group>"; };
		0DA9CB811E4AF50900CD8FD0 /* WJIMChatCellUtil.h */ = {isa = PBXFileReference; fileEncoding = 4; lastKnownFileType = sourcecode.c.h; path = WJIMChatCellUtil.h; sourceTree = "<group>"; };
		0DA9CB821E4AF50900CD8FD0 /* WJIMChatCellUtil.m */ = {isa = PBXFileReference; fileEncoding = 4; lastKnownFileType = sourcecode.c.objc; path = WJIMChatCellUtil.m; sourceTree = "<group>"; };
		0DA9CB841E4AFCCA00CD8FD0 /* WJIMChatPicMsgCell.h */ = {isa = PBXFileReference; fileEncoding = 4; lastKnownFileType = sourcecode.c.h; path = WJIMChatPicMsgCell.h; sourceTree = "<group>"; };
		0DA9CB851E4AFCCA00CD8FD0 /* WJIMChatPicMsgCell.m */ = {isa = PBXFileReference; fileEncoding = 4; lastKnownFileType = sourcecode.c.objc; path = WJIMChatPicMsgCell.m; sourceTree = "<group>"; };
		0DA9CB871E4AFD0900CD8FD0 /* WJIMChatVideoMsgCell.h */ = {isa = PBXFileReference; fileEncoding = 4; lastKnownFileType = sourcecode.c.h; path = WJIMChatVideoMsgCell.h; sourceTree = "<group>"; };
		0DA9CB881E4AFD0900CD8FD0 /* WJIMChatVideoMsgCell.m */ = {isa = PBXFileReference; fileEncoding = 4; lastKnownFileType = sourcecode.c.objc; path = WJIMChatVideoMsgCell.m; sourceTree = "<group>"; };
		0DA9CB8A1E4AFD3000CD8FD0 /* WJIMChatAudioMsgCell.h */ = {isa = PBXFileReference; fileEncoding = 4; lastKnownFileType = sourcecode.c.h; path = WJIMChatAudioMsgCell.h; sourceTree = "<group>"; };
		0DA9CB8B1E4AFD3000CD8FD0 /* WJIMChatAudioMsgCell.m */ = {isa = PBXFileReference; fileEncoding = 4; lastKnownFileType = sourcecode.c.objc; path = WJIMChatAudioMsgCell.m; sourceTree = "<group>"; };
		0DA9CB8D1E4AFD5700CD8FD0 /* WJIMChatLocationMsgCell.h */ = {isa = PBXFileReference; fileEncoding = 4; lastKnownFileType = sourcecode.c.h; path = WJIMChatLocationMsgCell.h; sourceTree = "<group>"; };
		0DA9CB8E1E4AFD5700CD8FD0 /* WJIMChatLocationMsgCell.m */ = {isa = PBXFileReference; fileEncoding = 4; lastKnownFileType = sourcecode.c.objc; path = WJIMChatLocationMsgCell.m; sourceTree = "<group>"; };
		0DECE3041E4972BB0078CB20 /* PrefixHeader.pch */ = {isa = PBXFileReference; fileEncoding = 4; lastKnownFileType = sourcecode.c.h; path = PrefixHeader.pch; sourceTree = "<group>"; };
		0DECE3051E49742E0078CB20 /* Header.h */ = {isa = PBXFileReference; fileEncoding = 4; lastKnownFileType = sourcecode.c.h; path = Header.h; sourceTree = "<group>"; };
		0DECE30A1E499A2D0078CB20 /* IMessageModel.h */ = {isa = PBXFileReference; fileEncoding = 4; lastKnownFileType = sourcecode.c.h; path = IMessageModel.h; sourceTree = "<group>"; };
		0DECE30B1E499B340078CB20 /* WJIMMessageModel.h */ = {isa = PBXFileReference; fileEncoding = 4; lastKnownFileType = sourcecode.c.h; path = WJIMMessageModel.h; sourceTree = "<group>"; };
		0DECE30C1E499B340078CB20 /* WJIMMessageModel.m */ = {isa = PBXFileReference; fileEncoding = 4; lastKnownFileType = sourcecode.c.objc; path = WJIMMessageModel.m; sourceTree = "<group>"; };
		0DECE3141E49AE4C0078CB20 /* EaseUIResource.bundle */ = {isa = PBXFileReference; lastKnownFileType = "wrapper.plug-in"; path = EaseUIResource.bundle; sourceTree = "<group>"; };
		0DECE3161E49AE5B0078CB20 /* NSDate+Category.h */ = {isa = PBXFileReference; fileEncoding = 4; lastKnownFileType = sourcecode.c.h; path = "NSDate+Category.h"; sourceTree = "<group>"; };
		0DECE3171E49AE5B0078CB20 /* NSDate+Category.m */ = {isa = PBXFileReference; fileEncoding = 4; lastKnownFileType = sourcecode.c.objc; path = "NSDate+Category.m"; sourceTree = "<group>"; };
		0DECE3181E49AE5B0078CB20 /* NSDateFormatter+Category.h */ = {isa = PBXFileReference; fileEncoding = 4; lastKnownFileType = sourcecode.c.h; path = "NSDateFormatter+Category.h"; sourceTree = "<group>"; };
		0DECE3191E49AE5B0078CB20 /* NSDateFormatter+Category.m */ = {isa = PBXFileReference; fileEncoding = 4; lastKnownFileType = sourcecode.c.objc; path = "NSDateFormatter+Category.m"; sourceTree = "<group>"; };
		0DECE31C1E49B62B0078CB20 /* WJIMChatStore+send.h */ = {isa = PBXFileReference; fileEncoding = 4; lastKnownFileType = sourcecode.c.h; path = "WJIMChatStore+send.h"; sourceTree = "<group>"; };
		0DECE31D1E49B62B0078CB20 /* WJIMChatStore+send.m */ = {isa = PBXFileReference; fileEncoding = 4; lastKnownFileType = sourcecode.c.objc; path = "WJIMChatStore+send.m"; sourceTree = "<group>"; };
		0DECE3201E49CB5E0078CB20 /* UIView+IM.h */ = {isa = PBXFileReference; fileEncoding = 4; lastKnownFileType = sourcecode.c.h; path = "UIView+IM.h"; sourceTree = "<group>"; };
		0DECE3211E49CB5E0078CB20 /* UIView+IM.m */ = {isa = PBXFileReference; fileEncoding = 4; lastKnownFileType = sourcecode.c.objc; path = "UIView+IM.m"; sourceTree = "<group>"; };
		0DECE3231E49CB8C0078CB20 /* WJIMChatBaseCell.h */ = {isa = PBXFileReference; fileEncoding = 4; lastKnownFileType = sourcecode.c.h; path = WJIMChatBaseCell.h; sourceTree = "<group>"; };
		0DECE3241E49CB8C0078CB20 /* WJIMChatBaseCell.m */ = {isa = PBXFileReference; fileEncoding = 4; lastKnownFileType = sourcecode.c.objc; path = WJIMChatBaseCell.m; sourceTree = "<group>"; };
		6D71C37133BAC3CD793D7820 /* Pods-IMTestDemo.release.xcconfig */ = {isa = PBXFileReference; includeInIndex = 1; lastKnownFileType = text.xcconfig; name = "Pods-IMTestDemo.release.xcconfig"; path = "Pods/Target Support Files/Pods-IMTestDemo/Pods-IMTestDemo.release.xcconfig"; sourceTree = "<group>"; };
		6F4FD1032C30F6AA965922AD /* libPods-IMTestDemo.a */ = {isa = PBXFileReference; explicitFileType = archive.ar; includeInIndex = 0; path = "libPods-IMTestDemo.a"; sourceTree = BUILT_PRODUCTS_DIR; };
		7B281946A7B861C055FF2083 /* Pods-IMTestDemo.debug.xcconfig */ = {isa = PBXFileReference; includeInIndex = 1; lastKnownFileType = text.xcconfig; name = "Pods-IMTestDemo.debug.xcconfig"; path = "Pods/Target Support Files/Pods-IMTestDemo/Pods-IMTestDemo.debug.xcconfig"; sourceTree = "<group>"; };
/* End PBXFileReference section */

/* Begin PBXFrameworksBuildPhase section */
		0D6CFAAC1E20957100B3259A /* Frameworks */ = {
			isa = PBXFrameworksBuildPhase;
			buildActionMask = 2147483647;
			files = (
				2E29457B336A3BD875F1F28B /* libPods-IMTestDemo.a in Frameworks */,
			);
			runOnlyForDeploymentPostprocessing = 0;
		};
		0D6CFAC51E20957100B3259A /* Frameworks */ = {
			isa = PBXFrameworksBuildPhase;
			buildActionMask = 2147483647;
			files = (
			);
			runOnlyForDeploymentPostprocessing = 0;
		};
		0D6CFAD01E20957100B3259A /* Frameworks */ = {
			isa = PBXFrameworksBuildPhase;
			buildActionMask = 2147483647;
			files = (
			);
			runOnlyForDeploymentPostprocessing = 0;
		};
/* End PBXFrameworksBuildPhase section */

/* Begin PBXGroup section */
		0D3417671E4858DD00CC7EA4 /* WJIMMainManager */ = {
			isa = PBXGroup;
			children = (
				0D3417681E4858DD00CC7EA4 /* WJIMMainManager+Login.h */,
				0D3417691E4858DD00CC7EA4 /* WJIMMainManager+Login.m */,
				0D34176A1E4858DD00CC7EA4 /* WJIMMainManager+Send.h */,
				0D34176B1E4858DD00CC7EA4 /* WJIMMainManager+Send.m */,
				0D3417851E4868D200CC7EA4 /* AppDelegate+WJIM.h */,
				0D3417861E4868D200CC7EA4 /* AppDelegate+WJIM.m */,
				0D34176E1E4858DD00CC7EA4 /* WJIMMainManager.h */,
				0D34176F1E4858DD00CC7EA4 /* WJIMMainManager.m */,
			);
			path = WJIMMainManager;
			sourceTree = "<group>";
		};
		0D3417741E48591100CC7EA4 /* Main */ = {
			isa = PBXGroup;
			children = (
				0D3417751E48593100CC7EA4 /* MainController.h */,
				0D3417761E48593100CC7EA4 /* MainController.m */,
				0D3417781E48597C00CC7EA4 /* ConversationController.h */,
				0D3417791E48597C00CC7EA4 /* ConversationController.m */,
				0D34177B1E4859A000CC7EA4 /* FriendListController.h */,
				0D34177C1E4859A000CC7EA4 /* FriendListController.m */,
			);
			path = Main;
			sourceTree = "<group>";
		};
		0D34177E1E485EAC00CC7EA4 /* Chat */ = {
			isa = PBXGroup;
			children = (
				0DA9CB4A1E4AC59600CD8FD0 /* ChatTool */,
				0DECE31F1E49CB550078CB20 /* ChatCell */,
				0D34177F1E485EBF00CC7EA4 /* WJIMChatController.h */,
				0D3417801E485EBF00CC7EA4 /* WJIMChatController.m */,
				0D3417881E4877DC00CC7EA4 /* WJIMChatStore.h */,
				0D3417891E4877DC00CC7EA4 /* WJIMChatStore.m */,
				0DECE31C1E49B62B0078CB20 /* WJIMChatStore+send.h */,
				0DECE31D1E49B62B0078CB20 /* WJIMChatStore+send.m */,
				0DECE30A1E499A2D0078CB20 /* IMessageModel.h */,
				0DECE30B1E499B340078CB20 /* WJIMMessageModel.h */,
				0DECE30C1E499B340078CB20 /* WJIMMessageModel.m */,
			);
			path = Chat;
			sourceTree = "<group>";
		};
		0D6CFAA61E20957100B3259A = {
			isa = PBXGroup;
			children = (
				0D6CFAB11E20957100B3259A /* IMTestDemo */,
				0D6CFACB1E20957100B3259A /* IMTestDemoTests */,
				0D6CFAD61E20957100B3259A /* IMTestDemoUITests */,
				0D6CFAB01E20957100B3259A /* Products */,
				C38AAADF7E7989E046F732EA /* Pods */,
				3740F3E3F27FFF59C082EF2C /* Frameworks */,
			);
			sourceTree = "<group>";
		};
		0D6CFAB01E20957100B3259A /* Products */ = {
			isa = PBXGroup;
			children = (
				0D6CFAAF1E20957100B3259A /* IMTestDemo.app */,
				0D6CFAC81E20957100B3259A /* IMTestDemoTests.xctest */,
				0D6CFAD31E20957100B3259A /* IMTestDemoUITests.xctest */,
			);
			name = Products;
			sourceTree = "<group>";
		};
		0D6CFAB11E20957100B3259A /* IMTestDemo */ = {
			isa = PBXGroup;
			children = (
				0DA9CB661E4AC96A00CD8FD0 /* face.plist */,
				0DA9CB521E4AC95D00CD8FD0 /* MLEmojiLabel */,
				0DA9CB471E4AC1CA00CD8FD0 /* HexColors.h */,
				0DA9CB481E4AC1CA00CD8FD0 /* HexColors.m */,
				0DECE3161E49AE5B0078CB20 /* NSDate+Category.h */,
				0DECE3171E49AE5B0078CB20 /* NSDate+Category.m */,
				0DECE3181E49AE5B0078CB20 /* NSDateFormatter+Category.h */,
				0DECE3191E49AE5B0078CB20 /* NSDateFormatter+Category.m */,
				0DECE3141E49AE4C0078CB20 /* EaseUIResource.bundle */,
				0D3417821E48601F00CC7EA4 /* UIAlertController+Blocks.h */,
				0D3417831E48601F00CC7EA4 /* UIAlertController+Blocks.m */,
				0D34177E1E485EAC00CC7EA4 /* Chat */,
				0D3417741E48591100CC7EA4 /* Main */,
				0D3417671E4858DD00CC7EA4 /* WJIMMainManager */,
				0D6CFAE81E20CA3600B3259A /* Util */,
				0D6CFAB51E20957100B3259A /* AppDelegate.h */,
				0D6CFAB61E20957100B3259A /* AppDelegate.m */,
				0D6CFAB81E20957100B3259A /* ViewController.h */,
				0D6CFAB91E20957100B3259A /* ViewController.m */,
				0DECE3041E4972BB0078CB20 /* PrefixHeader.pch */,
				0DECE3051E49742E0078CB20 /* Header.h */,
				0D6CFABB1E20957100B3259A /* Main.storyboard */,
				0D6CFABE1E20957100B3259A /* Assets.xcassets */,
				0D6CFAC01E20957100B3259A /* LaunchScreen.storyboard */,
				0D6CFAC31E20957100B3259A /* Info.plist */,
				0D6CFAB21E20957100B3259A /* Supporting Files */,
			);
			path = IMTestDemo;
			sourceTree = "<group>";
		};
		0D6CFAB21E20957100B3259A /* Supporting Files */ = {
			isa = PBXGroup;
			children = (
				0D6CFAB31E20957100B3259A /* main.m */,
			);
			name = "Supporting Files";
			sourceTree = "<group>";
		};
		0D6CFACB1E20957100B3259A /* IMTestDemoTests */ = {
			isa = PBXGroup;
			children = (
				0D6CFACC1E20957100B3259A /* IMTestDemoTests.m */,
				0D6CFACE1E20957100B3259A /* Info.plist */,
			);
			path = IMTestDemoTests;
			sourceTree = "<group>";
		};
		0D6CFAD61E20957100B3259A /* IMTestDemoUITests */ = {
			isa = PBXGroup;
			children = (
				0D6CFAD71E20957100B3259A /* IMTestDemoUITests.m */,
				0D6CFAD91E20957100B3259A /* Info.plist */,
			);
			path = IMTestDemoUITests;
			sourceTree = "<group>";
		};
		0D6CFAE81E20CA3600B3259A /* Util */ = {
			isa = PBXGroup;
			children = (
				0D6CFAEC1E20CA7C00B3259A /* Emoji */,
				0D6CFAE91E20CA6F00B3259A /* EaseConvertToCommonEmoticonsHelper.h */,
				0D6CFAEA1E20CA6F00B3259A /* EaseConvertToCommonEmoticonsHelper.m */,
			);
			path = Util;
			sourceTree = "<group>";
		};
		0D6CFAEC1E20CA7C00B3259A /* Emoji */ = {
			isa = PBXGroup;
			children = (
				0D6CFAED1E20CA7C00B3259A /* EaseEmoji.h */,
				0D6CFAEE1E20CA7C00B3259A /* EaseEmoji.m */,
				0D6CFAEF1E20CA7C00B3259A /* EaseEmojiEmoticons.h */,
				0D6CFAF01E20CA7C00B3259A /* EaseEmojiEmoticons.m */,
				0D6CFAF11E20CA7C00B3259A /* EaseEmotionEscape.h */,
				0D6CFAF21E20CA7C00B3259A /* EaseEmotionEscape.m */,
				0D6CFAF31E20CA7C00B3259A /* EaseEmotionManager.h */,
				0D6CFAF41E20CA7C00B3259A /* EaseEmotionManager.m */,
			);
			path = Emoji;
			sourceTree = "<group>";
		};
		0DA9CB4A1E4AC59600CD8FD0 /* ChatTool */ = {
			isa = PBXGroup;
			children = (
				0DA9CB4B1E4AC59600CD8FD0 /* ChatBorder */,
			);
			path = ChatTool;
			sourceTree = "<group>";
		};
		0DA9CB4B1E4AC59600CD8FD0 /* ChatBorder */ = {
			isa = PBXGroup;
			children = (
				0DA9CB4C1E4AC5D400CD8FD0 /* WJIMChatBorderInfo.h */,
				0DA9CB4D1E4AC5D400CD8FD0 /* WJIMChatBorderInfo.m */,
				0DA9CB4F1E4AC66F00CD8FD0 /* WJIMChatBorderManager.h */,
				0DA9CB501E4AC66F00CD8FD0 /* WJIMChatBorderManager.m */,
			);
			path = ChatBorder;
			sourceTree = "<group>";
		};
		0DA9CB521E4AC95D00CD8FD0 /* MLEmojiLabel */ = {
			isa = PBXGroup;
			children = (
				0DA9CB531E4AC95D00CD8FD0 /* expression_custom.plist */,
				0DA9CB541E4AC95D00CD8FD0 /* expressionImage_custom.plist */,
				0DA9CB551E4AC95D00CD8FD0 /* Face_Expression.bundle */,
				0DA9CB561E4AC95D00CD8FD0 /* MLEmoji_Expression.bundle */,
				0DA9CB571E4AC95D00CD8FD0 /* MLEmoji_Expression.plist */,
				0DA9CB581E4AC95D00CD8FD0 /* MLEmoji_ExpressionImage.plist */,
				0DA9CB591E4AC95D00CD8FD0 /* MLEmojiLabel.h */,
				0DA9CB5A1E4AC95D00CD8FD0 /* MLEmojiLabel.m */,
				0DA9CB5B1E4AC95D00CD8FD0 /* TTTAttributedLabel */,
			);
			path = MLEmojiLabel;
			sourceTree = "<group>";
		};
		0DA9CB5B1E4AC95D00CD8FD0 /* TTTAttributedLabel */ = {
			isa = PBXGroup;
			children = (
				0DA9CB5C1E4AC95D00CD8FD0 /* TTTAttributedLabel.h */,
				0DA9CB5D1E4AC95D00CD8FD0 /* TTTAttributedLabel.m */,
			);
			path = TTTAttributedLabel;
			sourceTree = "<group>";
		};
		0DECE31F1E49CB550078CB20 /* ChatCell */ = {
			isa = PBXGroup;
			children = (
				0DECE3201E49CB5E0078CB20 /* UIView+IM.h */,
				0DECE3211E49CB5E0078CB20 /* UIView+IM.m */,
				0DECE3231E49CB8C0078CB20 /* WJIMChatBaseCell.h */,
				0DECE3241E49CB8C0078CB20 /* WJIMChatBaseCell.m */,
				0DA9CB681E4ACBF700CD8FD0 /* WJIMChatTextMsgCell.h */,
				0DA9CB691E4ACBF700CD8FD0 /* WJIMChatTextMsgCell.m */,
				0DA9CB841E4AFCCA00CD8FD0 /* WJIMChatPicMsgCell.h */,
				0DA9CB851E4AFCCA00CD8FD0 /* WJIMChatPicMsgCell.m */,
				0DA9CB871E4AFD0900CD8FD0 /* WJIMChatVideoMsgCell.h */,
				0DA9CB881E4AFD0900CD8FD0 /* WJIMChatVideoMsgCell.m */,
				0DA9CB8A1E4AFD3000CD8FD0 /* WJIMChatAudioMsgCell.h */,
				0DA9CB8B1E4AFD3000CD8FD0 /* WJIMChatAudioMsgCell.m */,
				0DA9CB8D1E4AFD5700CD8FD0 /* WJIMChatLocationMsgCell.h */,
				0DA9CB8E1E4AFD5700CD8FD0 /* WJIMChatLocationMsgCell.m */,
				0DA9CB6B1E4AF45C00CD8FD0 /* WJIMChatTimeCell.h */,
				0DA9CB6C1E4AF45C00CD8FD0 /* WJIMChatTimeCell.m */,
				0DA9CB811E4AF50900CD8FD0 /* WJIMChatCellUtil.h */,
				0DA9CB821E4AF50900CD8FD0 /* WJIMChatCellUtil.m */,
			);
			path = ChatCell;
			sourceTree = "<group>";
		};
		3740F3E3F27FFF59C082EF2C /* Frameworks */ = {
			isa = PBXGroup;
			children = (
				6F4FD1032C30F6AA965922AD /* libPods-IMTestDemo.a */,
			);
			name = Frameworks;
			sourceTree = "<group>";
		};
		C38AAADF7E7989E046F732EA /* Pods */ = {
			isa = PBXGroup;
			children = (
				7B281946A7B861C055FF2083 /* Pods-IMTestDemo.debug.xcconfig */,
				6D71C37133BAC3CD793D7820 /* Pods-IMTestDemo.release.xcconfig */,
			);
			name = Pods;
			sourceTree = "<group>";
		};
/* End PBXGroup section */

/* Begin PBXNativeTarget section */
		0D6CFAAE1E20957100B3259A /* IMTestDemo */ = {
			isa = PBXNativeTarget;
			buildConfigurationList = 0D6CFADC1E20957100B3259A /* Build configuration list for PBXNativeTarget "IMTestDemo" */;
			buildPhases = (
				159237E392B6528D51DACF8F /* [CP] Check Pods Manifest.lock */,
				0D6CFAAB1E20957100B3259A /* Sources */,
				0D6CFAAC1E20957100B3259A /* Frameworks */,
				0D6CFAAD1E20957100B3259A /* Resources */,
				15CBCA7D6B016980A10F0AA5 /* [CP] Embed Pods Frameworks */,
				E88EC6AD6230E4ABB64534BC /* [CP] Copy Pods Resources */,
			);
			buildRules = (
			);
			dependencies = (
			);
			name = IMTestDemo;
			productName = IMTestDemo;
			productReference = 0D6CFAAF1E20957100B3259A /* IMTestDemo.app */;
			productType = "com.apple.product-type.application";
		};
		0D6CFAC71E20957100B3259A /* IMTestDemoTests */ = {
			isa = PBXNativeTarget;
			buildConfigurationList = 0D6CFADF1E20957100B3259A /* Build configuration list for PBXNativeTarget "IMTestDemoTests" */;
			buildPhases = (
				0D6CFAC41E20957100B3259A /* Sources */,
				0D6CFAC51E20957100B3259A /* Frameworks */,
				0D6CFAC61E20957100B3259A /* Resources */,
			);
			buildRules = (
			);
			dependencies = (
				0D6CFACA1E20957100B3259A /* PBXTargetDependency */,
			);
			name = IMTestDemoTests;
			productName = IMTestDemoTests;
			productReference = 0D6CFAC81E20957100B3259A /* IMTestDemoTests.xctest */;
			productType = "com.apple.product-type.bundle.unit-test";
		};
		0D6CFAD21E20957100B3259A /* IMTestDemoUITests */ = {
			isa = PBXNativeTarget;
			buildConfigurationList = 0D6CFAE21E20957100B3259A /* Build configuration list for PBXNativeTarget "IMTestDemoUITests" */;
			buildPhases = (
				0D6CFACF1E20957100B3259A /* Sources */,
				0D6CFAD01E20957100B3259A /* Frameworks */,
				0D6CFAD11E20957100B3259A /* Resources */,
			);
			buildRules = (
			);
			dependencies = (
				0D6CFAD51E20957100B3259A /* PBXTargetDependency */,
			);
			name = IMTestDemoUITests;
			productName = IMTestDemoUITests;
			productReference = 0D6CFAD31E20957100B3259A /* IMTestDemoUITests.xctest */;
			productType = "com.apple.product-type.bundle.ui-testing";
		};
/* End PBXNativeTarget section */

/* Begin PBXProject section */
		0D6CFAA71E20957100B3259A /* Project object */ = {
			isa = PBXProject;
			attributes = {
				LastUpgradeCheck = 0810;
				ORGANIZATIONNAME = tqh;
				TargetAttributes = {
					0D6CFAAE1E20957100B3259A = {
						CreatedOnToolsVersion = 8.1;
						DevelopmentTeam = 87S2AUX254;
						ProvisioningStyle = Automatic;
					};
					0D6CFAC71E20957100B3259A = {
						CreatedOnToolsVersion = 8.1;
						ProvisioningStyle = Automatic;
						TestTargetID = 0D6CFAAE1E20957100B3259A;
					};
					0D6CFAD21E20957100B3259A = {
						CreatedOnToolsVersion = 8.1;
						ProvisioningStyle = Automatic;
						TestTargetID = 0D6CFAAE1E20957100B3259A;
					};
				};
			};
			buildConfigurationList = 0D6CFAAA1E20957100B3259A /* Build configuration list for PBXProject "IMTestDemo" */;
			compatibilityVersion = "Xcode 3.2";
			developmentRegion = English;
			hasScannedForEncodings = 0;
			knownRegions = (
				en,
				Base,
			);
			mainGroup = 0D6CFAA61E20957100B3259A;
			productRefGroup = 0D6CFAB01E20957100B3259A /* Products */;
			projectDirPath = "";
			projectRoot = "";
			targets = (
				0D6CFAAE1E20957100B3259A /* IMTestDemo */,
				0D6CFAC71E20957100B3259A /* IMTestDemoTests */,
				0D6CFAD21E20957100B3259A /* IMTestDemoUITests */,
			);
		};
/* End PBXProject section */

/* Begin PBXResourcesBuildPhase section */
		0D6CFAAD1E20957100B3259A /* Resources */ = {
			isa = PBXResourcesBuildPhase;
			buildActionMask = 2147483647;
			files = (
				0DA9CB601E4AC95D00CD8FD0 /* Face_Expression.bundle in Resources */,
				0D6CFAC21E20957100B3259A /* LaunchScreen.storyboard in Resources */,
				0DA9CB671E4AC96A00CD8FD0 /* face.plist in Resources */,
				0DA9CB631E4AC95D00CD8FD0 /* MLEmoji_ExpressionImage.plist in Resources */,
				0DA9CB5E1E4AC95D00CD8FD0 /* expression_custom.plist in Resources */,
				0DECE3151E49AE4C0078CB20 /* EaseUIResource.bundle in Resources */,
				0D6CFABF1E20957100B3259A /* Assets.xcassets in Resources */,
				0DA9CB611E4AC95D00CD8FD0 /* MLEmoji_Expression.bundle in Resources */,
				0D6CFABD1E20957100B3259A /* Main.storyboard in Resources */,
				0DA9CB621E4AC95D00CD8FD0 /* MLEmoji_Expression.plist in Resources */,
				0DA9CB5F1E4AC95D00CD8FD0 /* expressionImage_custom.plist in Resources */,
			);
			runOnlyForDeploymentPostprocessing = 0;
		};
		0D6CFAC61E20957100B3259A /* Resources */ = {
			isa = PBXResourcesBuildPhase;
			buildActionMask = 2147483647;
			files = (
			);
			runOnlyForDeploymentPostprocessing = 0;
		};
		0D6CFAD11E20957100B3259A /* Resources */ = {
			isa = PBXResourcesBuildPhase;
			buildActionMask = 2147483647;
			files = (
			);
			runOnlyForDeploymentPostprocessing = 0;
		};
/* End PBXResourcesBuildPhase section */

/* Begin PBXShellScriptBuildPhase section */
		159237E392B6528D51DACF8F /* [CP] Check Pods Manifest.lock */ = {
			isa = PBXShellScriptBuildPhase;
			buildActionMask = 2147483647;
			files = (
			);
			inputPaths = (
			);
			name = "[CP] Check Pods Manifest.lock";
			outputPaths = (
			);
			runOnlyForDeploymentPostprocessing = 0;
			shellPath = /bin/sh;
			shellScript = "diff \"${PODS_ROOT}/../Podfile.lock\" \"${PODS_ROOT}/Manifest.lock\" > /dev/null\nif [ $? != 0 ] ; then\n    # print error to STDERR\n    echo \"error: The sandbox is not in sync with the Podfile.lock. Run 'pod install' or update your CocoaPods installation.\" >&2\n    exit 1\nfi\n";
			showEnvVarsInLog = 0;
		};
		15CBCA7D6B016980A10F0AA5 /* [CP] Embed Pods Frameworks */ = {
			isa = PBXShellScriptBuildPhase;
			buildActionMask = 2147483647;
			files = (
			);
			inputPaths = (
			);
			name = "[CP] Embed Pods Frameworks";
			outputPaths = (
			);
			runOnlyForDeploymentPostprocessing = 0;
			shellPath = /bin/sh;
			shellScript = "\"${SRCROOT}/Pods/Target Support Files/Pods-IMTestDemo/Pods-IMTestDemo-frameworks.sh\"\n";
			showEnvVarsInLog = 0;
		};
		E88EC6AD6230E4ABB64534BC /* [CP] Copy Pods Resources */ = {
			isa = PBXShellScriptBuildPhase;
			buildActionMask = 2147483647;
			files = (
			);
			inputPaths = (
			);
			name = "[CP] Copy Pods Resources";
			outputPaths = (
			);
			runOnlyForDeploymentPostprocessing = 0;
			shellPath = /bin/sh;
			shellScript = "\"${SRCROOT}/Pods/Target Support Files/Pods-IMTestDemo/Pods-IMTestDemo-resources.sh\"\n";
			showEnvVarsInLog = 0;
		};
/* End PBXShellScriptBuildPhase section */

/* Begin PBXSourcesBuildPhase section */
		0D6CFAAB1E20957100B3259A /* Sources */ = {
			isa = PBXSourcesBuildPhase;
			buildActionMask = 2147483647;
			files = (
				0D3417841E48601F00CC7EA4 /* UIAlertController+Blocks.m in Sources */,
				0D34177A1E48597C00CC7EA4 /* ConversationController.m in Sources */,
				0DA9CB831E4AF50900CD8FD0 /* WJIMChatCellUtil.m in Sources */,
				0DECE31E1E49B62B0078CB20 /* WJIMChatStore+send.m in Sources */,
				0D6CFAF71E20CA7C00B3259A /* EaseEmotionEscape.m in Sources */,
				0D3417711E4858DD00CC7EA4 /* WJIMMainManager+Send.m in Sources */,
				0D6CFABA1E20957100B3259A /* ViewController.m in Sources */,
				0DA9CB4E1E4AC5D400CD8FD0 /* WJIMChatBorderInfo.m in Sources */,
				0DA9CB861E4AFCCA00CD8FD0 /* WJIMChatPicMsgCell.m in Sources */,
				0D3417701E4858DD00CC7EA4 /* WJIMMainManager+Login.m in Sources */,
				0DECE3251E49CB8C0078CB20 /* WJIMChatBaseCell.m in Sources */,
				0D3417771E48593100CC7EA4 /* MainController.m in Sources */,
				0DECE30D1E499B340078CB20 /* WJIMMessageModel.m in Sources */,
				0DA9CB511E4AC66F00CD8FD0 /* WJIMChatBorderManager.m in Sources */,
				0DA9CB891E4AFD0900CD8FD0 /* WJIMChatVideoMsgCell.m in Sources */,
				0D6CFAF61E20CA7C00B3259A /* EaseEmojiEmoticons.m in Sources */,
				0D34178A1E4877DC00CC7EA4 /* WJIMChatStore.m in Sources */,
				0DECE31B1E49AE5B0078CB20 /* NSDateFormatter+Category.m in Sources */,
				0DA9CB6D1E4AF45C00CD8FD0 /* WJIMChatTimeCell.m in Sources */,
				0DA9CB8F1E4AFD5700CD8FD0 /* WJIMChatLocationMsgCell.m in Sources */,
				0D3417871E4868D200CC7EA4 /* AppDelegate+WJIM.m in Sources */,
				0D6CFAB71E20957100B3259A /* AppDelegate.m in Sources */,
				0DECE31A1E49AE5B0078CB20 /* NSDate+Category.m in Sources */,
				0DA9CB641E4AC95D00CD8FD0 /* MLEmojiLabel.m in Sources */,
				0D34177D1E4859A000CC7EA4 /* FriendListController.m in Sources */,
				0D3417811E485EBF00CC7EA4 /* WJIMChatController.m in Sources */,
				0D6CFAF51E20CA7C00B3259A /* EaseEmoji.m in Sources */,
				0DA9CB8C1E4AFD3000CD8FD0 /* WJIMChatAudioMsgCell.m in Sources */,
				0D6CFAEB1E20CA6F00B3259A /* EaseConvertToCommonEmoticonsHelper.m in Sources */,
				0DA9CB6A1E4ACBF700CD8FD0 /* WJIMChatTextMsgCell.m in Sources */,
				0D6CFAF81E20CA7C00B3259A /* EaseEmotionManager.m in Sources */,
				0DA9CB651E4AC95D00CD8FD0 /* TTTAttributedLabel.m in Sources */,
				0DECE3221E49CB5E0078CB20 /* UIView+IM.m in Sources */,
				0D6CFAB41E20957100B3259A /* main.m in Sources */,
				0D3417731E4858DD00CC7EA4 /* WJIMMainManager.m in Sources */,
				0DA9CB491E4AC1CA00CD8FD0 /* HexColors.m in Sources */,
			);
			runOnlyForDeploymentPostprocessing = 0;
		};
		0D6CFAC41E20957100B3259A /* Sources */ = {
			isa = PBXSourcesBuildPhase;
			buildActionMask = 2147483647;
			files = (
				0D6CFACD1E20957100B3259A /* IMTestDemoTests.m in Sources */,
			);
			runOnlyForDeploymentPostprocessing = 0;
		};
		0D6CFACF1E20957100B3259A /* Sources */ = {
			isa = PBXSourcesBuildPhase;
			buildActionMask = 2147483647;
			files = (
				0D6CFAD81E20957100B3259A /* IMTestDemoUITests.m in Sources */,
			);
			runOnlyForDeploymentPostprocessing = 0;
		};
/* End PBXSourcesBuildPhase section */

/* Begin PBXTargetDependency section */
		0D6CFACA1E20957100B3259A /* PBXTargetDependency */ = {
			isa = PBXTargetDependency;
			target = 0D6CFAAE1E20957100B3259A /* IMTestDemo */;
			targetProxy = 0D6CFAC91E20957100B3259A /* PBXContainerItemProxy */;
		};
		0D6CFAD51E20957100B3259A /* PBXTargetDependency */ = {
			isa = PBXTargetDependency;
			target = 0D6CFAAE1E20957100B3259A /* IMTestDemo */;
			targetProxy = 0D6CFAD41E20957100B3259A /* PBXContainerItemProxy */;
		};
/* End PBXTargetDependency section */

/* Begin PBXVariantGroup section */
		0D6CFABB1E20957100B3259A /* Main.storyboard */ = {
			isa = PBXVariantGroup;
			children = (
				0D6CFABC1E20957100B3259A /* Base */,
			);
			name = Main.storyboard;
			sourceTree = "<group>";
		};
		0D6CFAC01E20957100B3259A /* LaunchScreen.storyboard */ = {
			isa = PBXVariantGroup;
			children = (
				0D6CFAC11E20957100B3259A /* Base */,
			);
			name = LaunchScreen.storyboard;
			sourceTree = "<group>";
		};
/* End PBXVariantGroup section */

/* Begin XCBuildConfiguration section */
		0D6CFADA1E20957100B3259A /* Debug */ = {
			isa = XCBuildConfiguration;
			buildSettings = {
				ALWAYS_SEARCH_USER_PATHS = NO;
				CLANG_ANALYZER_NONNULL = YES;
				CLANG_CXX_LANGUAGE_STANDARD = "gnu++0x";
				CLANG_CXX_LIBRARY = "libc++";
				CLANG_ENABLE_MODULES = YES;
				CLANG_ENABLE_OBJC_ARC = YES;
				CLANG_WARN_BOOL_CONVERSION = YES;
				CLANG_WARN_CONSTANT_CONVERSION = YES;
				CLANG_WARN_DIRECT_OBJC_ISA_USAGE = YES_ERROR;
				CLANG_WARN_DOCUMENTATION_COMMENTS = YES;
				CLANG_WARN_EMPTY_BODY = YES;
				CLANG_WARN_ENUM_CONVERSION = YES;
				CLANG_WARN_INFINITE_RECURSION = YES;
				CLANG_WARN_INT_CONVERSION = YES;
				CLANG_WARN_OBJC_ROOT_CLASS = YES_ERROR;
				CLANG_WARN_SUSPICIOUS_MOVES = YES;
				CLANG_WARN_UNREACHABLE_CODE = YES;
				CLANG_WARN__DUPLICATE_METHOD_MATCH = YES;
				"CODE_SIGN_IDENTITY[sdk=iphoneos*]" = "iPhone Developer";
				COPY_PHASE_STRIP = NO;
				DEBUG_INFORMATION_FORMAT = dwarf;
				ENABLE_STRICT_OBJC_MSGSEND = YES;
				ENABLE_TESTABILITY = YES;
				GCC_C_LANGUAGE_STANDARD = gnu99;
				GCC_DYNAMIC_NO_PIC = NO;
				GCC_NO_COMMON_BLOCKS = YES;
				GCC_OPTIMIZATION_LEVEL = 0;
				GCC_PREPROCESSOR_DEFINITIONS = (
					"DEBUG=1",
					"$(inherited)",
				);
				GCC_WARN_64_TO_32_BIT_CONVERSION = YES;
				GCC_WARN_ABOUT_RETURN_TYPE = YES_ERROR;
				GCC_WARN_UNDECLARED_SELECTOR = YES;
				GCC_WARN_UNINITIALIZED_AUTOS = YES_AGGRESSIVE;
				GCC_WARN_UNUSED_FUNCTION = YES;
				GCC_WARN_UNUSED_VARIABLE = YES;
				IPHONEOS_DEPLOYMENT_TARGET = 8.0;
				MTL_ENABLE_DEBUG_INFO = YES;
				ONLY_ACTIVE_ARCH = YES;
				SDKROOT = iphoneos;
			};
			name = Debug;
		};
		0D6CFADB1E20957100B3259A /* Release */ = {
			isa = XCBuildConfiguration;
			buildSettings = {
				ALWAYS_SEARCH_USER_PATHS = NO;
				CLANG_ANALYZER_NONNULL = YES;
				CLANG_CXX_LANGUAGE_STANDARD = "gnu++0x";
				CLANG_CXX_LIBRARY = "libc++";
				CLANG_ENABLE_MODULES = YES;
				CLANG_ENABLE_OBJC_ARC = YES;
				CLANG_WARN_BOOL_CONVERSION = YES;
				CLANG_WARN_CONSTANT_CONVERSION = YES;
				CLANG_WARN_DIRECT_OBJC_ISA_USAGE = YES_ERROR;
				CLANG_WARN_DOCUMENTATION_COMMENTS = YES;
				CLANG_WARN_EMPTY_BODY = YES;
				CLANG_WARN_ENUM_CONVERSION = YES;
				CLANG_WARN_INFINITE_RECURSION = YES;
				CLANG_WARN_INT_CONVERSION = YES;
				CLANG_WARN_OBJC_ROOT_CLASS = YES_ERROR;
				CLANG_WARN_SUSPICIOUS_MOVES = YES;
				CLANG_WARN_UNREACHABLE_CODE = YES;
				CLANG_WARN__DUPLICATE_METHOD_MATCH = YES;
				"CODE_SIGN_IDENTITY[sdk=iphoneos*]" = "iPhone Developer";
				COPY_PHASE_STRIP = NO;
				DEBUG_INFORMATION_FORMAT = "dwarf-with-dsym";
				ENABLE_NS_ASSERTIONS = NO;
				ENABLE_STRICT_OBJC_MSGSEND = YES;
				GCC_C_LANGUAGE_STANDARD = gnu99;
				GCC_NO_COMMON_BLOCKS = YES;
				GCC_WARN_64_TO_32_BIT_CONVERSION = YES;
				GCC_WARN_ABOUT_RETURN_TYPE = YES_ERROR;
				GCC_WARN_UNDECLARED_SELECTOR = YES;
				GCC_WARN_UNINITIALIZED_AUTOS = YES_AGGRESSIVE;
				GCC_WARN_UNUSED_FUNCTION = YES;
				GCC_WARN_UNUSED_VARIABLE = YES;
				IPHONEOS_DEPLOYMENT_TARGET = 8.0;
				MTL_ENABLE_DEBUG_INFO = NO;
				SDKROOT = iphoneos;
				VALIDATE_PRODUCT = YES;
			};
			name = Release;
		};
		0D6CFADD1E20957100B3259A /* Debug */ = {
			isa = XCBuildConfiguration;
			baseConfigurationReference = 7B281946A7B861C055FF2083 /* Pods-IMTestDemo.debug.xcconfig */;
			buildSettings = {
				ASSETCATALOG_COMPILER_APPICON_NAME = AppIcon;
				DEVELOPMENT_TEAM = 87S2AUX254;
				GCC_PREFIX_HEADER = "$(SRCROOT)/IMTestDemo/PrefixHeader.pch";
				INFOPLIST_FILE = IMTestDemo/Info.plist;
				IPHONEOS_DEPLOYMENT_TARGET = 8.0;
				LD_RUNPATH_SEARCH_PATHS = "$(inherited) @executable_path/Frameworks";
				PRODUCT_BUNDLE_IDENTIFIER = com.moyou.moyouApp;
				PRODUCT_NAME = "$(TARGET_NAME)";
			};
			name = Debug;
		};
		0D6CFADE1E20957100B3259A /* Release */ = {
			isa = XCBuildConfiguration;
			baseConfigurationReference = 6D71C37133BAC3CD793D7820 /* Pods-IMTestDemo.release.xcconfig */;
			buildSettings = {
				ASSETCATALOG_COMPILER_APPICON_NAME = AppIcon;
				DEVELOPMENT_TEAM = 87S2AUX254;
				GCC_PREFIX_HEADER = "$(SRCROOT)/IMTestDemo/PrefixHeader.pch";
				INFOPLIST_FILE = IMTestDemo/Info.plist;
				IPHONEOS_DEPLOYMENT_TARGET = 8.0;
				LD_RUNPATH_SEARCH_PATHS = "$(inherited) @executable_path/Frameworks";
				PRODUCT_BUNDLE_IDENTIFIER = com.moyou.moyouApp;
				PRODUCT_NAME = "$(TARGET_NAME)";
			};
			name = Release;
		};
		0D6CFAE01E20957100B3259A /* Debug */ = {
			isa = XCBuildConfiguration;
			buildSettings = {
				BUNDLE_LOADER = "$(TEST_HOST)";
				INFOPLIST_FILE = IMTestDemoTests/Info.plist;
				LD_RUNPATH_SEARCH_PATHS = "$(inherited) @executable_path/Frameworks @loader_path/Frameworks";
				PRODUCT_BUNDLE_IDENTIFIER = com.tqh.IMTestDemoTests;
				PRODUCT_NAME = "$(TARGET_NAME)";
				TEST_HOST = "$(BUILT_PRODUCTS_DIR)/IMTestDemo.app/IMTestDemo";
			};
			name = Debug;
		};
		0D6CFAE11E20957100B3259A /* Release */ = {
			isa = XCBuildConfiguration;
			buildSettings = {
				BUNDLE_LOADER = "$(TEST_HOST)";
				INFOPLIST_FILE = IMTestDemoTests/Info.plist;
				LD_RUNPATH_SEARCH_PATHS = "$(inherited) @executable_path/Frameworks @loader_path/Frameworks";
				PRODUCT_BUNDLE_IDENTIFIER = com.tqh.IMTestDemoTests;
				PRODUCT_NAME = "$(TARGET_NAME)";
				TEST_HOST = "$(BUILT_PRODUCTS_DIR)/IMTestDemo.app/IMTestDemo";
			};
			name = Release;
		};
		0D6CFAE31E20957100B3259A /* Debug */ = {
			isa = XCBuildConfiguration;
			buildSettings = {
				INFOPLIST_FILE = IMTestDemoUITests/Info.plist;
				LD_RUNPATH_SEARCH_PATHS = "$(inherited) @executable_path/Frameworks @loader_path/Frameworks";
				PRODUCT_BUNDLE_IDENTIFIER = com.tqh.IMTestDemoUITests;
				PRODUCT_NAME = "$(TARGET_NAME)";
				TEST_TARGET_NAME = IMTestDemo;
			};
			name = Debug;
		};
		0D6CFAE41E20957100B3259A /* Release */ = {
			isa = XCBuildConfiguration;
			buildSettings = {
				INFOPLIST_FILE = IMTestDemoUITests/Info.plist;
				LD_RUNPATH_SEARCH_PATHS = "$(inherited) @executable_path/Frameworks @loader_path/Frameworks";
				PRODUCT_BUNDLE_IDENTIFIER = com.tqh.IMTestDemoUITests;
				PRODUCT_NAME = "$(TARGET_NAME)";
				TEST_TARGET_NAME = IMTestDemo;
			};
			name = Release;
		};
/* End XCBuildConfiguration section */

/* Begin XCConfigurationList section */
		0D6CFAAA1E20957100B3259A /* Build configuration list for PBXProject "IMTestDemo" */ = {
			isa = XCConfigurationList;
			buildConfigurations = (
				0D6CFADA1E20957100B3259A /* Debug */,
				0D6CFADB1E20957100B3259A /* Release */,
			);
			defaultConfigurationIsVisible = 0;
			defaultConfigurationName = Release;
		};
		0D6CFADC1E20957100B3259A /* Build configuration list for PBXNativeTarget "IMTestDemo" */ = {
			isa = XCConfigurationList;
			buildConfigurations = (
				0D6CFADD1E20957100B3259A /* Debug */,
				0D6CFADE1E20957100B3259A /* Release */,
			);
			defaultConfigurationIsVisible = 0;
			defaultConfigurationName = Release;
		};
		0D6CFADF1E20957100B3259A /* Build configuration list for PBXNativeTarget "IMTestDemoTests" */ = {
			isa = XCConfigurationList;
			buildConfigurations = (
				0D6CFAE01E20957100B3259A /* Debug */,
				0D6CFAE11E20957100B3259A /* Release */,
			);
			defaultConfigurationIsVisible = 0;
			defaultConfigurationName = Release;
		};
		0D6CFAE21E20957100B3259A /* Build configuration list for PBXNativeTarget "IMTestDemoUITests" */ = {
			isa = XCConfigurationList;
			buildConfigurations = (
				0D6CFAE31E20957100B3259A /* Debug */,
				0D6CFAE41E20957100B3259A /* Release */,
			);
			defaultConfigurationIsVisible = 0;
			defaultConfigurationName = Release;
		};
/* End XCConfigurationList section */
	};
	rootObject = 0D6CFAA71E20957100B3259A /* Project object */;
}
